
Microsoft Visual Studio Solution File, Format Version 12.00
# Visual Studio Version 17
VisualStudioVersion = 17.5.33502.453
MinimumVisualStudioVersion = 10.0.40219.1
Project("{FAE04EC0-301F-11D3-BF4B-00C04F79EFBC}") = "LabOOP-2.4", "LabOOP-2.4\LabOOP-2.4.csproj", "{C568A5A7-C896-4F0A-B316-85E2C78202B6}"
EndProject
Global
	GlobalSection(SolutionConfigurationPlatforms) = preSolution
		Debug|Any CPU = Debug|Any CPU
		Release|Any CPU = Release|Any CPU
	EndGlobalSection
	GlobalSection(ProjectConfigurationPlatforms) = postSolution
		{C568A5A7-C896-4F0A-B316-85E2C78202B6}.Debug|Any CPU.ActiveCfg = Debug|Any CPU
		{C568A5A7-C896-4F0A-B316-85E2C78202B6}.Debug|Any CPU.Build.0 = Debug|Any CPU
		{C568A5A7-C896-4F0A-B316-85E2C78202B6}.Release|Any CPU.ActiveCfg = Release|Any CPU
		{C568A5A7-C896-4F0A-B316-85E2C78202B6}.Release|Any CPU.Build.0 = Release|Any CPU
	EndGlobalSection
	GlobalSection(SolutionProperties) = preSolution
		HideSolutionNode = FALSE
	EndGlobalSection
	GlobalSection(ExtensibilityGlobals) = postSolution
		SolutionGuid = {3E1B08F7-6A3E-483F-BC8A-65F6DED47688}
	EndGlobalSection
EndGlobal
